
Microsoft Visual Studio Solution File, Format Version 12.00
# Visual Studio Version 17
VisualStudioVersion = 17.7.34024.191
MinimumVisualStudioVersion = 10.0.40219.1
Project("{FAE04EC0-301F-11D3-BF4B-00C04F79EFBC}") = "swiftsnack", "swiftsnack\swiftsnack.csproj", "{DBF52070-7C2B-4AC9-AFCA-03D3A5C9C8D6}"
EndProject
Global
	GlobalSection(SolutionConfigurationPlatforms) = preSolution
		Debug|Any CPU = Debug|Any CPU
		Release|Any CPU = Release|Any CPU
	EndGlobalSection
	GlobalSection(ProjectConfigurationPlatforms) = postSolution
		{DBF52070-7C2B-4AC9-AFCA-03D3A5C9C8D6}.Debug|Any CPU.ActiveCfg = Debug|Any CPU
		{DBF52070-7C2B-4AC9-AFCA-03D3A5C9C8D6}.Debug|Any CPU.Build.0 = Debug|Any CPU
		{DBF52070-7C2B-4AC9-AFCA-03D3A5C9C8D6}.Release|Any CPU.ActiveCfg = Release|Any CPU
		{DBF52070-7C2B-4AC9-AFCA-03D3A5C9C8D6}.Release|Any CPU.Build.0 = Release|Any CPU
	EndGlobalSection
	GlobalSection(SolutionProperties) = preSolution
		HideSolutionNode = FALSE
	EndGlobalSection
	GlobalSection(ExtensibilityGlobals) = postSolution
		SolutionGuid = {CDC847AC-4BBC-4BE3-A265-0AB5DF96FD13}
	EndGlobalSection
EndGlobal
